{
  "meteor": {},
  "dependencies": {
    "basePackages": {
      "semantic-ui": {}
    },
    "packages": {
      "semantic-ui": {
        "git": "https://github.com/nooitaf/meteor-semantic-ui.git",
        "tag": "v0.12.1",
        "commit": "6d895bcec1953a1dd609541288fccc3971520d72"
      }
    }
  }
}
